
Microsoft Visual Studio Solution File, Format Version 12.00
# Visual Studio Version 17
VisualStudioVersion = 17.14.36109.1 d17.14
MinimumVisualStudioVersion = 10.0.40219.1
Project("{FAE04EC0-301F-11D3-BF4B-00C04F79EFBC}") = "busqueda-anton", "busqueda-anton.csproj", "{929B1DEC-A9B5-493E-B34C-F75B2071DD42}"
EndProject
Global
	GlobalSection(SolutionConfigurationPlatforms) = preSolution
		Debug|Any CPU = Debug|Any CPU
		Release|Any CPU = Release|Any CPU
	EndGlobalSection
	GlobalSection(ProjectConfigurationPlatforms) = postSolution
		{929B1DEC-A9B5-493E-B34C-F75B2071DD42}.Debug|Any CPU.ActiveCfg = Debug|Any CPU
		{929B1DEC-A9B5-493E-B34C-F75B2071DD42}.Debug|Any CPU.Build.0 = Debug|Any CPU
		{929B1DEC-A9B5-493E-B34C-F75B2071DD42}.Release|Any CPU.ActiveCfg = Release|Any CPU
		{929B1DEC-A9B5-493E-B34C-F75B2071DD42}.Release|Any CPU.Build.0 = Release|Any CPU
	EndGlobalSection
	GlobalSection(SolutionProperties) = preSolution
		HideSolutionNode = FALSE
	EndGlobalSection
	GlobalSection(ExtensibilityGlobals) = postSolution
		SolutionGuid = {FA5AA998-FAAC-4652-8009-E63B7389DB51}
	EndGlobalSection
EndGlobal
